// !$*UTF8*$!
{
	archiveVersion = 1;
	classes = {
	};
	objectVersion = 56;
	objects = {

/* Begin PBXBuildFile section */
		8BB5FD652B628CB60097FF41 /* DemoJokesAppLTIMApp.swift in Sources */ = {isa = PBXBuildFile; fileRef = 8BB5FD642B628CB60097FF41 /* DemoJokesAppLTIMApp.swift */; };
		8BB5FD692B628CB70097FF41 /* Assets.xcassets in Resources */ = {isa = PBXBuildFile; fileRef = 8BB5FD682B628CB70097FF41 /* Assets.xcassets */; };
		8BB5FD6C2B628CB70097FF41 /* Preview Assets.xcassets in Resources */ = {isa = PBXBuildFile; fileRef = 8BB5FD6B2B628CB70097FF41 /* Preview Assets.xcassets */; };
		8BE237F32B668040005F70E5 /* Jokes.swift in Sources */ = {isa = PBXBuildFile; fileRef = 8BE237F22B668040005F70E5 /* Jokes.swift */; };
		8BE237F62B6680CA005F70E5 /* JokesDataSource.swift in Sources */ = {isa = PBXBuildFile; fileRef = 8BE237F52B6680CA005F70E5 /* JokesDataSource.swift */; };
		8BE237F92B66811E005F70E5 /* APIService.swift in Sources */ = {isa = PBXBuildFile; fileRef = 8BE237F82B66811E005F70E5 /* APIService.swift */; };
		8BE237FC2B668200005F70E5 /* JokesRepository.swift in Sources */ = {isa = PBXBuildFile; fileRef = 8BE237FB2B668200005F70E5 /* JokesRepository.swift */; };
		8BE238012B668294005F70E5 /* GetJokesUseCase.swift in Sources */ = {isa = PBXBuildFile; fileRef = 8BE238002B668294005F70E5 /* GetJokesUseCase.swift */; };
		8BE238032B668304005F70E5 /* JokesListViewModel.swift in Sources */ = {isa = PBXBuildFile; fileRef = 8BE238022B668304005F70E5 /* JokesListViewModel.swift */; };
		8BE238052B6683C8005F70E5 /* JokesListView.swift in Sources */ = {isa = PBXBuildFile; fileRef = 8BE238042B6683C8005F70E5 /* JokesListView.swift */; };
		8BE238192B6770F1005F70E5 /* JokesListViewUnitTest.swift in Sources */ = {isa = PBXBuildFile; fileRef = 8BE238182B6770F0005F70E5 /* JokesListViewUnitTest.swift */; };
		8BE2381D2B6A9EFD005F70E5 /* ActivityIndicator.swift in Sources */ = {isa = PBXBuildFile; fileRef = 8BE2381C2B6A9EFD005F70E5 /* ActivityIndicator.swift */; };
		8BE238272B6A9FFB005F70E5 /* DemoJokesAppLTIMUITestsLaunchTests.swift in Sources */ = {isa = PBXBuildFile; fileRef = 8BE238262B6A9FFB005F70E5 /* DemoJokesAppLTIMUITestsLaunchTests.swift */; };
		8BE2382D2B6AA004005F70E5 /* JokesListViewUITest.swift in Sources */ = {isa = PBXBuildFile; fileRef = 8BE2381A2B6A912F005F70E5 /* JokesListViewUITest.swift */; };
/* End PBXBuildFile section */

/* Begin PBXContainerItemProxy section */
		8BE238102B669848005F70E5 /* PBXContainerItemProxy */ = {
			isa = PBXContainerItemProxy;
			containerPortal = 8BB5FD592B628CB60097FF41 /* Project object */;
			proxyType = 1;
			remoteGlobalIDString = 8BB5FD602B628CB60097FF41;
			remoteInfo = DemoJokesAppLTIM;
		};
		8BE238282B6A9FFB005F70E5 /* PBXContainerItemProxy */ = {
			isa = PBXContainerItemProxy;
			containerPortal = 8BB5FD592B628CB60097FF41 /* Project object */;
			proxyType = 1;
			remoteGlobalIDString = 8BB5FD602B628CB60097FF41;
			remoteInfo = DemoJokesAppLTIM;
		};
/* End PBXContainerItemProxy section */

/* Begin PBXFileReference section */
		8BB5FD612B628CB60097FF41 /* DemoJokesAppLTIM.app */ = {isa = PBXFileReference; explicitFileType = wrapper.application; includeInIndex = 0; path = DemoJokesAppLTIM.app; sourceTree = BUILT_PRODUCTS_DIR; };
		8BB5FD642B628CB60097FF41 /* DemoJokesAppLTIMApp.swift */ = {isa = PBXFileReference; lastKnownFileType = sourcecode.swift; path = DemoJokesAppLTIMApp.swift; sourceTree = "<group>"; };
		8BB5FD682B628CB70097FF41 /* Assets.xcassets */ = {isa = PBXFileReference; lastKnownFileType = folder.assetcatalog; path = Assets.xcassets; sourceTree = "<group>"; };
		8BB5FD6B2B628CB70097FF41 /* Preview Assets.xcassets */ = {isa = PBXFileReference; lastKnownFileType = folder.assetcatalog; path = "Preview Assets.xcassets"; sourceTree = "<group>"; };
		8BE237F22B668040005F70E5 /* Jokes.swift */ = {isa = PBXFileReference; lastKnownFileType = sourcecode.swift; path = Jokes.swift; sourceTree = "<group>"; };
		8BE237F52B6680CA005F70E5 /* JokesDataSource.swift */ = {isa = PBXFileReference; lastKnownFileType = sourcecode.swift; path = JokesDataSource.swift; sourceTree = "<group>"; };
		8BE237F82B66811E005F70E5 /* APIService.swift */ = {isa = PBXFileReference; lastKnownFileType = sourcecode.swift; path = APIService.swift; sourceTree = "<group>"; };
		8BE237FB2B668200005F70E5 /* JokesRepository.swift */ = {isa = PBXFileReference; lastKnownFileType = sourcecode.swift; path = JokesRepository.swift; sourceTree = "<group>"; };
		8BE238002B668294005F70E5 /* GetJokesUseCase.swift */ = {isa = PBXFileReference; lastKnownFileType = sourcecode.swift; path = GetJokesUseCase.swift; sourceTree = "<group>"; };
		8BE238022B668304005F70E5 /* JokesListViewModel.swift */ = {isa = PBXFileReference; lastKnownFileType = sourcecode.swift; path = JokesListViewModel.swift; sourceTree = "<group>"; };
		8BE238042B6683C8005F70E5 /* JokesListView.swift */ = {isa = PBXFileReference; lastKnownFileType = sourcecode.swift; path = JokesListView.swift; sourceTree = "<group>"; };
		8BE2380C2B669848005F70E5 /* DemoJokesAppLTIMTests.xctest */ = {isa = PBXFileReference; explicitFileType = wrapper.cfbundle; includeInIndex = 0; path = DemoJokesAppLTIMTests.xctest; sourceTree = BUILT_PRODUCTS_DIR; };
		8BE238162B66C2DC005F70E5 /* Info.plist */ = {isa = PBXFileReference; lastKnownFileType = text.plist; path = Info.plist; sourceTree = "<group>"; };
		8BE238182B6770F0005F70E5 /* JokesListViewUnitTest.swift */ = {isa = PBXFileReference; lastKnownFileType = sourcecode.swift; path = JokesListViewUnitTest.swift; sourceTree = "<group>"; };
		8BE2381A2B6A912F005F70E5 /* JokesListViewUITest.swift */ = {isa = PBXFileReference; lastKnownFileType = sourcecode.swift; path = JokesListViewUITest.swift; sourceTree = "<group>"; };
		8BE2381C2B6A9EFD005F70E5 /* ActivityIndicator.swift */ = {isa = PBXFileReference; lastKnownFileType = sourcecode.swift; path = ActivityIndicator.swift; sourceTree = "<group>"; };
		8BE238222B6A9FFB005F70E5 /* DemoJokesAppLTIMUITests.xctest */ = {isa = PBXFileReference; explicitFileType = wrapper.cfbundle; includeInIndex = 0; path = DemoJokesAppLTIMUITests.xctest; sourceTree = BUILT_PRODUCTS_DIR; };
		8BE238262B6A9FFB005F70E5 /* DemoJokesAppLTIMUITestsLaunchTests.swift */ = {isa = PBXFileReference; lastKnownFileType = sourcecode.swift; path = DemoJokesAppLTIMUITestsLaunchTests.swift; sourceTree = "<group>"; };
		8BE2382E2B6AA496005F70E5 /* Info.plist */ = {isa = PBXFileReference; fileEncoding = 4; lastKnownFileType = text.plist.xml; path = Info.plist; sourceTree = "<group>"; };
/* End PBXFileReference section */

/* Begin PBXFrameworksBuildPhase section */
		8BB5FD5E2B628CB60097FF41 /* Frameworks */ = {
			isa = PBXFrameworksBuildPhase;
			buildActionMask = 2147483647;
			files = (
			);
			runOnlyForDeploymentPostprocessing = 0;
		};
		8BE238092B669848005F70E5 /* Frameworks */ = {
			isa = PBXFrameworksBuildPhase;
			buildActionMask = 2147483647;
			files = (
			);
			runOnlyForDeploymentPostprocessing = 0;
		};
		8BE2381F2B6A9FFB005F70E5 /* Frameworks */ = {
			isa = PBXFrameworksBuildPhase;
			buildActionMask = 2147483647;
			files = (
			);
			runOnlyForDeploymentPostprocessing = 0;
		};
/* End PBXFrameworksBuildPhase section */

/* Begin PBXGroup section */
		8BB5FD582B628CB60097FF41 = {
			isa = PBXGroup;
			children = (
				8BB5FD632B628CB60097FF41 /* DemoJokesAppLTIM */,
				8BE2380D2B669848005F70E5 /* DemoJokesAppLTIMTests */,
				8BE238232B6A9FFB005F70E5 /* DemoJokesAppLTIMUITests */,
				8BB5FD622B628CB60097FF41 /* Products */,
			);
			sourceTree = "<group>";
		};
		8BB5FD622B628CB60097FF41 /* Products */ = {
			isa = PBXGroup;
			children = (
				8BB5FD612B628CB60097FF41 /* DemoJokesAppLTIM.app */,
				8BE2380C2B669848005F70E5 /* DemoJokesAppLTIMTests.xctest */,
				8BE238222B6A9FFB005F70E5 /* DemoJokesAppLTIMUITests.xctest */,
			);
			name = Products;
			sourceTree = "<group>";
		};
		8BB5FD632B628CB60097FF41 /* DemoJokesAppLTIM */ = {
			isa = PBXGroup;
			children = (
				8BE238162B66C2DC005F70E5 /* Info.plist */,
				8BE238302B6AA867005F70E5 /* Helper */,
				8BB5FD642B628CB60097FF41 /* DemoJokesAppLTIMApp.swift */,
				8BE237FA2B6681E6005F70E5 /* Domain */,
				8BE237F42B6680AC005F70E5 /* Data */,
				8BE238072B6697B6005F70E5 /* Presentation */,
				8BB5FD682B628CB70097FF41 /* Assets.xcassets */,
				8BB5FD6A2B628CB70097FF41 /* Preview Content */,
			);
			path = DemoJokesAppLTIM;
			sourceTree = "<group>";
		};
		8BB5FD6A2B628CB70097FF41 /* Preview Content */ = {
			isa = PBXGroup;
			children = (
				8BB5FD6B2B628CB70097FF41 /* Preview Assets.xcassets */,
			);
			path = "Preview Content";
			sourceTree = "<group>";
		};
		8BE237F12B668027005F70E5 /* Models */ = {
			isa = PBXGroup;
			children = (
				8BE237F22B668040005F70E5 /* Jokes.swift */,
			);
			path = Models;
			sourceTree = "<group>";
		};
		8BE237F42B6680AC005F70E5 /* Data */ = {
			isa = PBXGroup;
			children = (
				8BE238062B668FB6005F70E5 /* DataSource */,
				8BE237F72B668109005F70E5 /* API */,
			);
			path = Data;
			sourceTree = "<group>";
		};
		8BE237F72B668109005F70E5 /* API */ = {
			isa = PBXGroup;
			children = (
				8BE237F82B66811E005F70E5 /* APIService.swift */,
			);
			path = API;
			sourceTree = "<group>";
		};
		8BE237FA2B6681E6005F70E5 /* Domain */ = {
			isa = PBXGroup;
			children = (
				8BE237F12B668027005F70E5 /* Models */,
				8BE237FD2B66826F005F70E5 /* Repository */,
				8BE237FE2B66827B005F70E5 /* UseCase */,
			);
			path = Domain;
			sourceTree = "<group>";
		};
		8BE237FD2B66826F005F70E5 /* Repository */ = {
			isa = PBXGroup;
			children = (
				8BE237FB2B668200005F70E5 /* JokesRepository.swift */,
			);
			path = Repository;
			sourceTree = "<group>";
		};
		8BE237FE2B66827B005F70E5 /* UseCase */ = {
			isa = PBXGroup;
			children = (
				8BE238002B668294005F70E5 /* GetJokesUseCase.swift */,
			);
			path = UseCase;
			sourceTree = "<group>";
		};
		8BE238062B668FB6005F70E5 /* DataSource */ = {
			isa = PBXGroup;
			children = (
				8BE237F52B6680CA005F70E5 /* JokesDataSource.swift */,
			);
			path = DataSource;
			sourceTree = "<group>";
		};
		8BE238072B6697B6005F70E5 /* Presentation */ = {
			isa = PBXGroup;
			children = (
				8BE238042B6683C8005F70E5 /* JokesListView.swift */,
				8BE238022B668304005F70E5 /* JokesListViewModel.swift */,
			);
			path = Presentation;
			sourceTree = "<group>";
		};
		8BE2380D2B669848005F70E5 /* DemoJokesAppLTIMTests */ = {
			isa = PBXGroup;
			children = (
				8BE2382E2B6AA496005F70E5 /* Info.plist */,
				8BE238182B6770F0005F70E5 /* JokesListViewUnitTest.swift */,
			);
			path = DemoJokesAppLTIMTests;
			sourceTree = "<group>";
		};
		8BE238232B6A9FFB005F70E5 /* DemoJokesAppLTIMUITests */ = {
			isa = PBXGroup;
			children = (
				8BE2381A2B6A912F005F70E5 /* JokesListViewUITest.swift */,
				8BE238262B6A9FFB005F70E5 /* DemoJokesAppLTIMUITestsLaunchTests.swift */,
			);
			path = DemoJokesAppLTIMUITests;
			sourceTree = "<group>";
		};
		8BE238302B6AA867005F70E5 /* Helper */ = {
			isa = PBXGroup;
			children = (
				8BE2381C2B6A9EFD005F70E5 /* ActivityIndicator.swift */,
			);
			path = Helper;
			sourceTree = "<group>";
		};
/* End PBXGroup section */

/* Begin PBXNativeTarget section */
		8BB5FD602B628CB60097FF41 /* DemoJokesAppLTIM */ = {
			isa = PBXNativeTarget;
			buildConfigurationList = 8BB5FD6F2B628CB70097FF41 /* Build configuration list for PBXNativeTarget "DemoJokesAppLTIM" */;
			buildPhases = (
				8BB5FD5D2B628CB60097FF41 /* Sources */,
				8BB5FD5E2B628CB60097FF41 /* Frameworks */,
				8BB5FD5F2B628CB60097FF41 /* Resources */,
			);
			buildRules = (
			);
			dependencies = (
			);
			name = DemoJokesAppLTIM;
			productName = DemoJokesAppLTIM;
			productReference = 8BB5FD612B628CB60097FF41 /* DemoJokesAppLTIM.app */;
			productType = "com.apple.product-type.application";
		};
		8BE2380B2B669848005F70E5 /* DemoJokesAppLTIMTests */ = {
			isa = PBXNativeTarget;
			buildConfigurationList = 8BE238122B669848005F70E5 /* Build configuration list for PBXNativeTarget "DemoJokesAppLTIMTests" */;
			buildPhases = (
				8BE238082B669848005F70E5 /* Sources */,
				8BE238092B669848005F70E5 /* Frameworks */,
				8BE2380A2B669848005F70E5 /* Resources */,
			);
			buildRules = (
			);
			dependencies = (
				8BE238112B669848005F70E5 /* PBXTargetDependency */,
			);
			name = DemoJokesAppLTIMTests;
			productName = DemoJokesAppLTIMTests;
			productReference = 8BE2380C2B669848005F70E5 /* DemoJokesAppLTIMTests.xctest */;
			productType = "com.apple.product-type.bundle.unit-test";
		};
		8BE238212B6A9FFB005F70E5 /* DemoJokesAppLTIMUITests */ = {
			isa = PBXNativeTarget;
			buildConfigurationList = 8BE2382A2B6A9FFB005F70E5 /* Build configuration list for PBXNativeTarget "DemoJokesAppLTIMUITests" */;
			buildPhases = (
				8BE2381E2B6A9FFB005F70E5 /* Sources */,
				8BE2381F2B6A9FFB005F70E5 /* Frameworks */,
				8BE238202B6A9FFB005F70E5 /* Resources */,
			);
			buildRules = (
			);
			dependencies = (
				8BE238292B6A9FFB005F70E5 /* PBXTargetDependency */,
			);
			name = DemoJokesAppLTIMUITests;
			productName = DemoJokesAppLTIMUITests;
			productReference = 8BE238222B6A9FFB005F70E5 /* DemoJokesAppLTIMUITests.xctest */;
			productType = "com.apple.product-type.bundle.ui-testing";
		};
/* End PBXNativeTarget section */

/* Begin PBXProject section */
		8BB5FD592B628CB60097FF41 /* Project object */ = {
			isa = PBXProject;
			attributes = {
				BuildIndependentTargetsInParallel = 1;
				LastSwiftUpdateCheck = 1510;
				LastUpgradeCheck = 1510;
				TargetAttributes = {
					8BB5FD602B628CB60097FF41 = {
						CreatedOnToolsVersion = 15.1;
					};
					8BE2380B2B669848005F70E5 = {
						CreatedOnToolsVersion = 15.1;
						TestTargetID = 8BB5FD602B628CB60097FF41;
					};
					8BE238212B6A9FFB005F70E5 = {
						CreatedOnToolsVersion = 15.1;
						TestTargetID = 8BB5FD602B628CB60097FF41;
					};
				};
			};
			buildConfigurationList = 8BB5FD5C2B628CB60097FF41 /* Build configuration list for PBXProject "DemoJokesAppLTIM" */;
			compatibilityVersion = "Xcode 14.0";
			developmentRegion = en;
			hasScannedForEncodings = 0;
			knownRegions = (
				en,
				Base,
			);
			mainGroup = 8BB5FD582B628CB60097FF41;
			productRefGroup = 8BB5FD622B628CB60097FF41 /* Products */;
			projectDirPath = "";
			projectRoot = "";
			targets = (
				8BB5FD602B628CB60097FF41 /* DemoJokesAppLTIM */,
				8BE2380B2B669848005F70E5 /* DemoJokesAppLTIMTests */,
				8BE238212B6A9FFB005F70E5 /* DemoJokesAppLTIMUITests */,
			);
		};
/* End PBXProject section */

/* Begin PBXResourcesBuildPhase section */
		8BB5FD5F2B628CB60097FF41 /* Resources */ = {
			isa = PBXResourcesBuildPhase;
			buildActionMask = 2147483647;
			files = (
				8BB5FD6C2B628CB70097FF41 /* Preview Assets.xcassets in Resources */,
				8BB5FD692B628CB70097FF41 /* Assets.xcassets in Resources */,
			);
			runOnlyForDeploymentPostprocessing = 0;
		};
		8BE2380A2B669848005F70E5 /* Resources */ = {
			isa = PBXResourcesBuildPhase;
			buildActionMask = 2147483647;
			files = (
			);
			runOnlyForDeploymentPostprocessing = 0;
		};
		8BE238202B6A9FFB005F70E5 /* Resources */ = {
			isa = PBXResourcesBuildPhase;
			buildActionMask = 2147483647;
			files = (
			);
			runOnlyForDeploymentPostprocessing = 0;
		};
/* End PBXResourcesBuildPhase section */

/* Begin PBXSourcesBuildPhase section */
		8BB5FD5D2B628CB60097FF41 /* Sources */ = {
			isa = PBXSourcesBuildPhase;
			buildActionMask = 2147483647;
			files = (
				8BE237FC2B668200005F70E5 /* JokesRepository.swift in Sources */,
				8BE238012B668294005F70E5 /* GetJokesUseCase.swift in Sources */,
				8BE237F92B66811E005F70E5 /* APIService.swift in Sources */,
				8BE237F32B668040005F70E5 /* Jokes.swift in Sources */,
				8BB5FD652B628CB60097FF41 /* DemoJokesAppLTIMApp.swift in Sources */,
				8BE2381D2B6A9EFD005F70E5 /* ActivityIndicator.swift in Sources */,
				8BE238052B6683C8005F70E5 /* JokesListView.swift in Sources */,
				8BE237F62B6680CA005F70E5 /* JokesDataSource.swift in Sources */,
				8BE238032B668304005F70E5 /* JokesListViewModel.swift in Sources */,
			);
			runOnlyForDeploymentPostprocessing = 0;
		};
		8BE238082B669848005F70E5 /* Sources */ = {
			isa = PBXSourcesBuildPhase;
			buildActionMask = 2147483647;
			files = (
				8BE238192B6770F1005F70E5 /* JokesListViewUnitTest.swift in Sources */,
			);
			runOnlyForDeploymentPostprocessing = 0;
		};
		8BE2381E2B6A9FFB005F70E5 /* Sources */ = {
			isa = PBXSourcesBuildPhase;
			buildActionMask = 2147483647;
			files = (
				8BE2382D2B6AA004005F70E5 /* JokesListViewUITest.swift in Sources */,
				8BE238272B6A9FFB005F70E5 /* DemoJokesAppLTIMUITestsLaunchTests.swift in Sources */,
			);
			runOnlyForDeploymentPostprocessing = 0;
		};
/* End PBXSourcesBuildPhase section */

/* Begin PBXTargetDependency section */
		8BE238112B669848005F70E5 /* PBXTargetDependency */ = {
			isa = PBXTargetDependency;
			target = 8BB5FD602B628CB60097FF41 /* DemoJokesAppLTIM */;
			targetProxy = 8BE238102B669848005F70E5 /* PBXContainerItemProxy */;
		};
		8BE238292B6A9FFB005F70E5 /* PBXTargetDependency */ = {
			isa = PBXTargetDependency;
			target = 8BB5FD602B628CB60097FF41 /* DemoJokesAppLTIM */;
			targetProxy = 8BE238282B6A9FFB005F70E5 /* PBXContainerItemProxy */;
		};
/* End PBXTargetDependency section */

/* Begin XCBuildConfiguration section */
		8BB5FD6D2B628CB70097FF41 /* Debug */ = {
			isa = XCBuildConfiguration;
			buildSettings = {
				ALWAYS_SEARCH_USER_PATHS = NO;
				ASSETCATALOG_COMPILER_GENERATE_SWIFT_ASSET_SYMBOL_EXTENSIONS = YES;
				CLANG_ANALYZER_NONNULL = YES;
				CLANG_ANALYZER_NUMBER_OBJECT_CONVERSION = YES_AGGRESSIVE;
				CLANG_CXX_LANGUAGE_STANDARD = "gnu++20";
				CLANG_ENABLE_MODULES = YES;
				CLANG_ENABLE_OBJC_ARC = YES;
				CLANG_ENABLE_OBJC_WEAK = YES;
				CLANG_WARN_BLOCK_CAPTURE_AUTORELEASING = YES;
				CLANG_WARN_BOOL_CONVERSION = YES;
				CLANG_WARN_COMMA = YES;
				CLANG_WARN_CONSTANT_CONVERSION = YES;
				CLANG_WARN_DEPRECATED_OBJC_IMPLEMENTATIONS = YES;
				CLANG_WARN_DIRECT_OBJC_ISA_USAGE = YES_ERROR;
				CLANG_WARN_DOCUMENTATION_COMMENTS = YES;
				CLANG_WARN_EMPTY_BODY = YES;
				CLANG_WARN_ENUM_CONVERSION = YES;
				CLANG_WARN_INFINITE_RECURSION = YES;
				CLANG_WARN_INT_CONVERSION = YES;
				CLANG_WARN_NON_LITERAL_NULL_CONVERSION = YES;
				CLANG_WARN_OBJC_IMPLICIT_RETAIN_SELF = YES;
				CLANG_WARN_OBJC_LITERAL_CONVERSION = YES;
				CLANG_WARN_OBJC_ROOT_CLASS = YES_ERROR;
				CLANG_WARN_QUOTED_INCLUDE_IN_FRAMEWORK_HEADER = YES;
				CLANG_WARN_RANGE_LOOP_ANALYSIS = YES;
				CLANG_WARN_STRICT_PROTOTYPES = YES;
				CLANG_WARN_SUSPICIOUS_MOVE = YES;
				CLANG_WARN_UNGUARDED_AVAILABILITY = YES_AGGRESSIVE;
				CLANG_WARN_UNREACHABLE_CODE = YES;
				CLANG_WARN__DUPLICATE_METHOD_MATCH = YES;
				COPY_PHASE_STRIP = NO;
				DEBUG_INFORMATION_FORMAT = dwarf;
				ENABLE_STRICT_OBJC_MSGSEND = YES;
				ENABLE_TESTABILITY = YES;
				ENABLE_USER_SCRIPT_SANDBOXING = YES;
				GCC_C_LANGUAGE_STANDARD = gnu17;
				GCC_DYNAMIC_NO_PIC = NO;
				GCC_NO_COMMON_BLOCKS = YES;
				GCC_OPTIMIZATION_LEVEL = 0;
				GCC_PREPROCESSOR_DEFINITIONS = (
					"DEBUG=1",
					"$(inherited)",
				);
				GCC_WARN_64_TO_32_BIT_CONVERSION = YES;
				GCC_WARN_ABOUT_RETURN_TYPE = YES_ERROR;
				GCC_WARN_UNDECLARED_SELECTOR = YES;
				GCC_WARN_UNINITIALIZED_AUTOS = YES_AGGRESSIVE;
				GCC_WARN_UNUSED_FUNCTION = YES;
				GCC_WARN_UNUSED_VARIABLE = YES;
				IPHONEOS_DEPLOYMENT_TARGET = 17.2;
				LOCALIZATION_PREFERS_STRING_CATALOGS = YES;
				MTL_ENABLE_DEBUG_INFO = INCLUDE_SOURCE;
				MTL_FAST_MATH = YES;
				ONLY_ACTIVE_ARCH = YES;
				SDKROOT = iphoneos;
				SWIFT_ACTIVE_COMPILATION_CONDITIONS = "DEBUG $(inherited)";
				SWIFT_OPTIMIZATION_LEVEL = "-Onone";
			};
			name = Debug;
		};
		8BB5FD6E2B628CB70097FF41 /* Release */ = {
			isa = XCBuildConfiguration;
			buildSettings = {
				ALWAYS_SEARCH_USER_PATHS = NO;
				ASSETCATALOG_COMPILER_GENERATE_SWIFT_ASSET_SYMBOL_EXTENSIONS = YES;
				CLANG_ANALYZER_NONNULL = YES;
				CLANG_ANALYZER_NUMBER_OBJECT_CONVERSION = YES_AGGRESSIVE;
				CLANG_CXX_LANGUAGE_STANDARD = "gnu++20";
				CLANG_ENABLE_MODULES = YES;
				CLANG_ENABLE_OBJC_ARC = YES;
				CLANG_ENABLE_OBJC_WEAK = YES;
				CLANG_WARN_BLOCK_CAPTURE_AUTORELEASING = YES;
				CLANG_WARN_BOOL_CONVERSION = YES;
				CLANG_WARN_COMMA = YES;
				CLANG_WARN_CONSTANT_CONVERSION = YES;
				CLANG_WARN_DEPRECATED_OBJC_IMPLEMENTATIONS = YES;
				CLANG_WARN_DIRECT_OBJC_ISA_USAGE = YES_ERROR;
				CLANG_WARN_DOCUMENTATION_COMMENTS = YES;
				CLANG_WARN_EMPTY_BODY = YES;
				CLANG_WARN_ENUM_CONVERSION = YES;
				CLANG_WARN_INFINITE_RECURSION = YES;
				CLANG_WARN_INT_CONVERSION = YES;
				CLANG_WARN_NON_LITERAL_NULL_CONVERSION = YES;
				CLANG_WARN_OBJC_IMPLICIT_RETAIN_SELF = YES;
				CLANG_WARN_OBJC_LITERAL_CONVERSION = YES;
				CLANG_WARN_OBJC_ROOT_CLASS = YES_ERROR;
				CLANG_WARN_QUOTED_INCLUDE_IN_FRAMEWORK_HEADER = YES;
				CLANG_WARN_RANGE_LOOP_ANALYSIS = YES;
				CLANG_WARN_STRICT_PROTOTYPES = YES;
				CLANG_WARN_SUSPICIOUS_MOVE = YES;
				CLANG_WARN_UNGUARDED_AVAILABILITY = YES_AGGRESSIVE;
				CLANG_WARN_UNREACHABLE_CODE = YES;
				CLANG_WARN__DUPLICATE_METHOD_MATCH = YES;
				COPY_PHASE_STRIP = NO;
				DEBUG_INFORMATION_FORMAT = "dwarf-with-dsym";
				ENABLE_NS_ASSERTIONS = NO;
				ENABLE_STRICT_OBJC_MSGSEND = YES;
				ENABLE_USER_SCRIPT_SANDBOXING = YES;
				GCC_C_LANGUAGE_STANDARD = gnu17;
				GCC_NO_COMMON_BLOCKS = YES;
				GCC_WARN_64_TO_32_BIT_CONVERSION = YES;
				GCC_WARN_ABOUT_RETURN_TYPE = YES_ERROR;
				GCC_WARN_UNDECLARED_SELECTOR = YES;
				GCC_WARN_UNINITIALIZED_AUTOS = YES_AGGRESSIVE;
				GCC_WARN_UNUSED_FUNCTION = YES;
				GCC_WARN_UNUSED_VARIABLE = YES;
				IPHONEOS_DEPLOYMENT_TARGET = 17.2;
				LOCALIZATION_PREFERS_STRING_CATALOGS = YES;
				MTL_ENABLE_DEBUG_INFO = NO;
				MTL_FAST_MATH = YES;
				SDKROOT = iphoneos;
				SWIFT_COMPILATION_MODE = wholemodule;
				VALIDATE_PRODUCT = YES;
			};
			name = Release;
		};
		8BB5FD702B628CB70097FF41 /* Debug */ = {
			isa = XCBuildConfiguration;
			buildSettings = {
				ASSETCATALOG_COMPILER_APPICON_NAME = AppIcon;
				ASSETCATALOG_COMPILER_GLOBAL_ACCENT_COLOR_NAME = AccentColor;
				CODE_SIGN_STYLE = Automatic;
				CURRENT_PROJECT_VERSION = 1;
				DEVELOPMENT_ASSET_PATHS = "\"DemoJokesAppLTIM/Preview Content\"";
				ENABLE_PREVIEWS = YES;
				GENERATE_INFOPLIST_FILE = YES;
				INFOPLIST_FILE = DemoJokesAppLTIM/Info.plist;
				INFOPLIST_KEY_UIApplicationSceneManifest_Generation = YES;
				INFOPLIST_KEY_UIApplicationSupportsIndirectInputEvents = YES;
				INFOPLIST_KEY_UILaunchScreen_Generation = YES;
				INFOPLIST_KEY_UISupportedInterfaceOrientations_iPad = "UIInterfaceOrientationPortrait UIInterfaceOrientationPortraitUpsideDown UIInterfaceOrientationLandscapeLeft UIInterfaceOrientationLandscapeRight";
				INFOPLIST_KEY_UISupportedInterfaceOrientations_iPhone = "UIInterfaceOrientationPortrait UIInterfaceOrientationLandscapeLeft UIInterfaceOrientationLandscapeRight";
				LD_RUNPATH_SEARCH_PATHS = (
					"$(inherited)",
					"@executable_path/Frameworks",
				);
				MARKETING_VERSION = 1.0;
				PRODUCT_BUNDLE_IDENTIFIER = com.ltim.swiftpmsample.DemoJokesAppLTIM;
				PRODUCT_NAME = "$(TARGET_NAME)";
				SWIFT_EMIT_LOC_STRINGS = YES;
				SWIFT_VERSION = 5.0;
				TARGETED_DEVICE_FAMILY = "1,2";
			};
			name = Debug;
		};
		8BB5FD712B628CB70097FF41 /* Release */ = {
			isa = XCBuildConfiguration;
			buildSettings = {
				ASSETCATALOG_COMPILER_APPICON_NAME = AppIcon;
				ASSETCATALOG_COMPILER_GLOBAL_ACCENT_COLOR_NAME = AccentColor;
				CODE_SIGN_STYLE = Automatic;
				CURRENT_PROJECT_VERSION = 1;
				DEVELOPMENT_ASSET_PATHS = "\"DemoJokesAppLTIM/Preview Content\"";
				ENABLE_PREVIEWS = YES;
				GENERATE_INFOPLIST_FILE = YES;
				INFOPLIST_FILE = DemoJokesAppLTIM/Info.plist;
				INFOPLIST_KEY_UIApplicationSceneManifest_Generation = YES;
				INFOPLIST_KEY_UIApplicationSupportsIndirectInputEvents = YES;
				INFOPLIST_KEY_UILaunchScreen_Generation = YES;
				INFOPLIST_KEY_UISupportedInterfaceOrientations_iPad = "UIInterfaceOrientationPortrait UIInterfaceOrientationPortraitUpsideDown UIInterfaceOrientationLandscapeLeft UIInterfaceOrientationLandscapeRight";
				INFOPLIST_KEY_UISupportedInterfaceOrientations_iPhone = "UIInterfaceOrientationPortrait UIInterfaceOrientationLandscapeLeft UIInterfaceOrientationLandscapeRight";
				LD_RUNPATH_SEARCH_PATHS = (
					"$(inherited)",
					"@executable_path/Frameworks",
				);
				MARKETING_VERSION = 1.0;
				PRODUCT_BUNDLE_IDENTIFIER = com.ltim.swiftpmsample.DemoJokesAppLTIM;
				PRODUCT_NAME = "$(TARGET_NAME)";
				SWIFT_EMIT_LOC_STRINGS = YES;
				SWIFT_VERSION = 5.0;
				TARGETED_DEVICE_FAMILY = "1,2";
			};
			name = Release;
		};
		8BE238132B669848005F70E5 /* Debug */ = {
			isa = XCBuildConfiguration;
			buildSettings = {
				BUNDLE_LOADER = "$(TEST_HOST)";
				CODE_SIGN_STYLE = Automatic;
				CURRENT_PROJECT_VERSION = 1;
				GENERATE_INFOPLIST_FILE = YES;
				INFOPLIST_FILE = DemoJokesAppLTIMTests/Info.plist;
				MARKETING_VERSION = 1.0;
				PRODUCT_BUNDLE_IDENTIFIER = com.ltim.swiftpmsample.DemoJokesAppLTIMTests;
				PRODUCT_NAME = "$(TARGET_NAME)";
				SWIFT_EMIT_LOC_STRINGS = NO;
				SWIFT_VERSION = 5.0;
				TARGETED_DEVICE_FAMILY = "1,2";
				TEST_HOST = "$(BUILT_PRODUCTS_DIR)/DemoJokesAppLTIM.app/$(BUNDLE_EXECUTABLE_FOLDER_PATH)/DemoJokesAppLTIM";
			};
			name = Debug;
		};
		8BE238142B669848005F70E5 /* Release */ = {
			isa = XCBuildConfiguration;
			buildSettings = {
				BUNDLE_LOADER = "$(TEST_HOST)";
				CODE_SIGN_STYLE = Automatic;
				CURRENT_PROJECT_VERSION = 1;
				GENERATE_INFOPLIST_FILE = YES;
				INFOPLIST_FILE = DemoJokesAppLTIMTests/Info.plist;
				MARKETING_VERSION = 1.0;
				PRODUCT_BUNDLE_IDENTIFIER = com.ltim.swiftpmsample.DemoJokesAppLTIMTests;
				PRODUCT_NAME = "$(TARGET_NAME)";
				SWIFT_EMIT_LOC_STRINGS = NO;
				SWIFT_VERSION = 5.0;
				TARGETED_DEVICE_FAMILY = "1,2";
				TEST_HOST = "$(BUILT_PRODUCTS_DIR)/DemoJokesAppLTIM.app/$(BUNDLE_EXECUTABLE_FOLDER_PATH)/DemoJokesAppLTIM";
			};
			name = Release;
		};
		8BE2382B2B6A9FFB005F70E5 /* Debug */ = {
			isa = XCBuildConfiguration;
			buildSettings = {
				CODE_SIGN_STYLE = Automatic;
				CURRENT_PROJECT_VERSION = 1;
				GENERATE_INFOPLIST_FILE = YES;
				MARKETING_VERSION = 1.0;
				PRODUCT_BUNDLE_IDENTIFIER = com.ltim.swiftpmsample.DemoJokesAppLTIMUITests;
				PRODUCT_NAME = "$(TARGET_NAME)";
				SWIFT_EMIT_LOC_STRINGS = NO;
				SWIFT_VERSION = 5.0;
				TARGETED_DEVICE_FAMILY = "1,2";
				TEST_TARGET_NAME = DemoJokesAppLTIM;
			};
			name = Debug;
		};
		8BE2382C2B6A9FFB005F70E5 /* Release */ = {
			isa = XCBuildConfiguration;
			buildSettings = {
				CODE_SIGN_STYLE = Automatic;
				CURRENT_PROJECT_VERSION = 1;
				GENERATE_INFOPLIST_FILE = YES;
				MARKETING_VERSION = 1.0;
				PRODUCT_BUNDLE_IDENTIFIER = com.ltim.swiftpmsample.DemoJokesAppLTIMUITests;
				PRODUCT_NAME = "$(TARGET_NAME)";
				SWIFT_EMIT_LOC_STRINGS = NO;
				SWIFT_VERSION = 5.0;
				TARGETED_DEVICE_FAMILY = "1,2";
				TEST_TARGET_NAME = DemoJokesAppLTIM;
			};
			name = Release;
		};
/* End XCBuildConfiguration section */

/* Begin XCConfigurationList section */
		8BB5FD5C2B628CB60097FF41 /* Build configuration list for PBXProject "DemoJokesAppLTIM" */ = {
			isa = XCConfigurationList;
			buildConfigurations = (
				8BB5FD6D2B628CB70097FF41 /* Debug */,
				8BB5FD6E2B628CB70097FF41 /* Release */,
			);
			defaultConfigurationIsVisible = 0;
			defaultConfigurationName = Release;
		};
		8BB5FD6F2B628CB70097FF41 /* Build configuration list for PBXNativeTarget "DemoJokesAppLTIM" */ = {
			isa = XCConfigurationList;
			buildConfigurations = (
				8BB5FD702B628CB70097FF41 /* Debug */,
				8BB5FD712B628CB70097FF41 /* Release */,
			);
			defaultConfigurationIsVisible = 0;
			defaultConfigurationName = Release;
		};
		8BE238122B669848005F70E5 /* Build configuration list for PBXNativeTarget "DemoJokesAppLTIMTests" */ = {
			isa = XCConfigurationList;
			buildConfigurations = (
				8BE238132B669848005F70E5 /* Debug */,
				8BE238142B669848005F70E5 /* Release */,
			);
			defaultConfigurationIsVisible = 0;
			defaultConfigurationName = Release;
		};
		8BE2382A2B6A9FFB005F70E5 /* Build configuration list for PBXNativeTarget "DemoJokesAppLTIMUITests" */ = {
			isa = XCConfigurationList;
			buildConfigurations = (
				8BE2382B2B6A9FFB005F70E5 /* Debug */,
				8BE2382C2B6A9FFB005F70E5 /* Release */,
			);
			defaultConfigurationIsVisible = 0;
			defaultConfigurationName = Release;
		};
/* End XCConfigurationList section */
	};
	rootObject = 8BB5FD592B628CB60097FF41 /* Project object */;
}
